PODS:
  - GiphyCoreSDK (1.4.2)
  - Kingfisher (5.7.0)

DEPENDENCIES:
  - GiphyCoreSDK
  - Kingfisher

SPEC REPOS:
  https://github.com/cocoapods/specs.git:
    - GiphyCoreSDK
    - Kingfisher

SPEC CHECKSUMS:
  GiphyCoreSDK: 1a89e03e55dc6b636b9d40fde76107867dbb9da5
  Kingfisher: c7d211b54f1f30d8060aadab177d52b4349c825b

PODFILE CHECKSUM: d811a2c8976d7bc1cb2959f8e56854f35e1db4b3

COCOAPODS: 1.7.4
